
Microsoft Visual Studio Solution File, Format Version 12.00
# Visual Studio Version 16
VisualStudioVersion = 16.0.30517.126
MinimumVisualStudioVersion = 10.0.40219.1
Project("{FAE04EC0-301F-11D3-BF4B-00C04F79EFBC}") = "FlappyBird", "FlappyBird\FlappyBird.csproj", "{37C034C9-3DE0-44F9-9D69-8130953C3890}"
EndProject
Project("{FAE04EC0-301F-11D3-BF4B-00C04F79EFBC}") = "Flappy.UnitTest", "Flappy.UnitTest\Flappy.UnitTest.csproj", "{6581D6F6-B424-4548-A239-E1CDC8F450A1}"
EndProject
Global
	GlobalSection(SolutionConfigurationPlatforms) = preSolution
		Debug|Any CPU = Debug|Any CPU
		Release|Any CPU = Release|Any CPU
	EndGlobalSection
	GlobalSection(ProjectConfigurationPlatforms) = postSolution
		{37C034C9-3DE0-44F9-9D69-8130953C3890}.Debug|Any CPU.ActiveCfg = Debug|Any CPU
		{37C034C9-3DE0-44F9-9D69-8130953C3890}.Debug|Any CPU.Build.0 = Debug|Any CPU
		{37C034C9-3DE0-44F9-9D69-8130953C3890}.Release|Any CPU.ActiveCfg = Release|Any CPU
		{37C034C9-3DE0-44F9-9D69-8130953C3890}.Release|Any CPU.Build.0 = Release|Any CPU
		{6581D6F6-B424-4548-A239-E1CDC8F450A1}.Debug|Any CPU.ActiveCfg = Debug|Any CPU
		{6581D6F6-B424-4548-A239-E1CDC8F450A1}.Debug|Any CPU.Build.0 = Debug|Any CPU
		{6581D6F6-B424-4548-A239-E1CDC8F450A1}.Release|Any CPU.ActiveCfg = Release|Any CPU
		{6581D6F6-B424-4548-A239-E1CDC8F450A1}.Release|Any CPU.Build.0 = Release|Any CPU
	EndGlobalSection
	GlobalSection(SolutionProperties) = preSolution
		HideSolutionNode = FALSE
	EndGlobalSection
	GlobalSection(ExtensibilityGlobals) = postSolution
		SolutionGuid = {22490CA1-25B3-4AF0-83F5-90665D648B36}
	EndGlobalSection
EndGlobal
